
Microsoft Visual Studio Solution File, Format Version 12.00
# Visual Studio Version 16
VisualStudioVersion = 16.0.30225.117
MinimumVisualStudioVersion = 10.0.40219.1
Project("{FAE04EC0-301F-11D3-BF4B-00C04F79EFBC}") = "inClass5", "inClass5\inClass5.csproj", "{AD04778C-7D19-4FCE-BAAE-C4A9FF6180DE}"
EndProject
Global
	GlobalSection(SolutionConfigurationPlatforms) = preSolution
		Debug|Any CPU = Debug|Any CPU
		Release|Any CPU = Release|Any CPU
	EndGlobalSection
	GlobalSection(ProjectConfigurationPlatforms) = postSolution
		{AD04778C-7D19-4FCE-BAAE-C4A9FF6180DE}.Debug|Any CPU.ActiveCfg = Debug|Any CPU
		{AD04778C-7D19-4FCE-BAAE-C4A9FF6180DE}.Debug|Any CPU.Build.0 = Debug|Any CPU
		{AD04778C-7D19-4FCE-BAAE-C4A9FF6180DE}.Release|Any CPU.ActiveCfg = Release|Any CPU
		{AD04778C-7D19-4FCE-BAAE-C4A9FF6180DE}.Release|Any CPU.Build.0 = Release|Any CPU
	EndGlobalSection
	GlobalSection(SolutionProperties) = preSolution
		HideSolutionNode = FALSE
	EndGlobalSection
	GlobalSection(ExtensibilityGlobals) = postSolution
		SolutionGuid = {69A68A3D-BB93-48D3-9E4E-6F189DA91F37}
	EndGlobalSection
EndGlobal
